
Microsoft Visual Studio Solution File, Format Version 12.00
# Visual Studio 15
Project("{FAE04EC0-301F-11D3-BF4B-00C04F79EFBC}") = "owl.api", "owl.api\owl.api.csproj", "{6B215BFD-0EE5-4358-9099-E240C066E705}"
EndProject
Global
	GlobalSection(SolutionConfigurationPlatforms) = preSolution
		Debug|Any CPU = Debug|Any CPU
		Release|Any CPU = Release|Any CPU
	EndGlobalSection
	GlobalSection(ProjectConfigurationPlatforms) = postSolution
		{6B215BFD-0EE5-4358-9099-E240C066E705}.Debug|Any CPU.ActiveCfg = Debug|Any CPU
		{6B215BFD-0EE5-4358-9099-E240C066E705}.Debug|Any CPU.Build.0 = Debug|Any CPU
		{6B215BFD-0EE5-4358-9099-E240C066E705}.Release|Any CPU.ActiveCfg = Release|Any CPU
		{6B215BFD-0EE5-4358-9099-E240C066E705}.Release|Any CPU.Build.0 = Release|Any CPU
	EndGlobalSection
EndGlobal
